// !$*UTF8*$!
{
	archiveVersion = 1;
	classes = {
	};
	objectVersion = 46;
	objects = {

/* Begin PBXBuildFile section */
		F6FA18291B14D9F4003B0CDB /* AppDelegate.swift in Sources */ = {isa = PBXBuildFile; fileRef = F6FA18281B14D9F4003B0CDB /* AppDelegate.swift */; };
		F6FA182B1B14D9F4003B0CDB /* ViewController.swift in Sources */ = {isa = PBXBuildFile; fileRef = F6FA182A1B14D9F4003B0CDB /* ViewController.swift */; };
		F6FA182E1B14D9F4003B0CDB /* Main.storyboard in Resources */ = {isa = PBXBuildFile; fileRef = F6FA182C1B14D9F4003B0CDB /* Main.storyboard */; };
		F6FA18301B14D9F4003B0CDB /* Images.xcassets in Resources */ = {isa = PBXBuildFile; fileRef = F6FA182F1B14D9F4003B0CDB /* Images.xcassets */; };
		F6FA18331B14D9F4003B0CDB /* LaunchScreen.xib in Resources */ = {isa = PBXBuildFile; fileRef = F6FA18311B14D9F4003B0CDB /* LaunchScreen.xib */; };
		F6FA183F1B14D9F4003B0CDB /* PostcardTests.swift in Sources */ = {isa = PBXBuildFile; fileRef = F6FA183E1B14D9F4003B0CDB /* PostcardTests.swift */; };
		F6FA18491B14DC0B003B0CDB /* SagradaFamilia.jpeg in Resources */ = {isa = PBXBuildFile; fileRef = F6FA18481B14DC0B003B0CDB /* SagradaFamilia.jpeg */; };
		F6FA184B1B14DF10003B0CDB /* AlbertEinsteinStamp.jpg in Resources */ = {isa = PBXBuildFile; fileRef = F6FA184A1B14DF10003B0CDB /* AlbertEinsteinStamp.jpg */; };
/* End PBXBuildFile section */

/* Begin PBXContainerItemProxy section */
		F6FA18391B14D9F4003B0CDB /* PBXContainerItemProxy */ = {
			isa = PBXContainerItemProxy;
			containerPortal = F6FA181B1B14D9F4003B0CDB /* Project object */;
			proxyType = 1;
			remoteGlobalIDString = F6FA18221B14D9F4003B0CDB;
			remoteInfo = Postcard;
		};
/* End PBXContainerItemProxy section */

/* Begin PBXFileReference section */
		F6FA18231B14D9F4003B0CDB /* Postcard.app */ = {isa = PBXFileReference; explicitFileType = wrapper.application; includeInIndex = 0; path = Postcard.app; sourceTree = BUILT_PRODUCTS_DIR; };
		F6FA18271B14D9F4003B0CDB /* Info.plist */ = {isa = PBXFileReference; lastKnownFileType = text.plist.xml; path = Info.plist; sourceTree = "<group>"; };
		F6FA18281B14D9F4003B0CDB /* AppDelegate.swift */ = {isa = PBXFileReference; lastKnownFileType = sourcecode.swift; path = AppDelegate.swift; sourceTree = "<group>"; };
		F6FA182A1B14D9F4003B0CDB /* ViewController.swift */ = {isa = PBXFileReference; lastKnownFileType = sourcecode.swift; path = ViewController.swift; sourceTree = "<group>"; };
		F6FA182D1B14D9F4003B0CDB /* Base */ = {isa = PBXFileReference; lastKnownFileType = file.storyboard; name = Base; path = Base.lproj/Main.storyboard; sourceTree = "<group>"; };
		F6FA182F1B14D9F4003B0CDB /* Images.xcassets */ = {isa = PBXFileReference; lastKnownFileType = folder.assetcatalog; path = Images.xcassets; sourceTree = "<group>"; };
		F6FA18321B14D9F4003B0CDB /* Base */ = {isa = PBXFileReference; lastKnownFileType = file.xib; name = Base; path = Base.lproj/LaunchScreen.xib; sourceTree = "<group>"; };
		F6FA18381B14D9F4003B0CDB /* PostcardTests.xctest */ = {isa = PBXFileReference; explicitFileType = wrapper.cfbundle; includeInIndex = 0; path = PostcardTests.xctest; sourceTree = BUILT_PRODUCTS_DIR; };
		F6FA183D1B14D9F4003B0CDB /* Info.plist */ = {isa = PBXFileReference; lastKnownFileType = text.plist.xml; path = Info.plist; sourceTree = "<group>"; };
		F6FA183E1B14D9F4003B0CDB /* PostcardTests.swift */ = {isa = PBXFileReference; lastKnownFileType = sourcecode.swift; path = PostcardTests.swift; sourceTree = "<group>"; };
		F6FA18481B14DC0B003B0CDB /* SagradaFamilia.jpeg */ = {isa = PBXFileReference; lastKnownFileType = image.jpeg; path = SagradaFamilia.jpeg; sourceTree = "<group>"; };
		F6FA184A1B14DF10003B0CDB /* AlbertEinsteinStamp.jpg */ = {isa = PBXFileReference; lastKnownFileType = image.jpeg; path = AlbertEinsteinStamp.jpg; sourceTree = "<group>"; };
/* End PBXFileReference section */

/* Begin PBXFrameworksBuildPhase section */
		F6FA18201B14D9F4003B0CDB /* Frameworks */ = {
			isa = PBXFrameworksBuildPhase;
			buildActionMask = 2147483647;
			files = (
			);
			runOnlyForDeploymentPostprocessing = 0;
		};
		F6FA18351B14D9F4003B0CDB /* Frameworks */ = {
			isa = PBXFrameworksBuildPhase;
			buildActionMask = 2147483647;
			files = (
			);
			runOnlyForDeploymentPostprocessing = 0;
		};
/* End PBXFrameworksBuildPhase section */

/* Begin PBXGroup section */
		F6FA181A1B14D9F4003B0CDB = {
			isa = PBXGroup;
			children = (
				F6FA18251B14D9F4003B0CDB /* Postcard */,
				F6FA183B1B14D9F4003B0CDB /* PostcardTests */,
				F6FA18241B14D9F4003B0CDB /* Products */,
			);
			sourceTree = "<group>";
		};
		F6FA18241B14D9F4003B0CDB /* Products */ = {
			isa = PBXGroup;
			children = (
				F6FA18231B14D9F4003B0CDB /* Postcard.app */,
				F6FA18381B14D9F4003B0CDB /* PostcardTests.xctest */,
			);
			name = Products;
			sourceTree = "<group>";
		};
		F6FA18251B14D9F4003B0CDB /* Postcard */ = {
			isa = PBXGroup;
			children = (
				F6FA18281B14D9F4003B0CDB /* AppDelegate.swift */,
				F6FA182A1B14D9F4003B0CDB /* ViewController.swift */,
				F6FA182C1B14D9F4003B0CDB /* Main.storyboard */,
				F6FA182F1B14D9F4003B0CDB /* Images.xcassets */,
				F6FA18311B14D9F4003B0CDB /* LaunchScreen.xib */,
				F6FA18261B14D9F4003B0CDB /* Supporting Files */,
			);
			path = Postcard;
			sourceTree = "<group>";
		};
		F6FA18261B14D9F4003B0CDB /* Supporting Files */ = {
			isa = PBXGroup;
			children = (
				F6FA18481B14DC0B003B0CDB /* SagradaFamilia.jpeg */,
				F6FA184A1B14DF10003B0CDB /* AlbertEinsteinStamp.jpg */,
				F6FA18271B14D9F4003B0CDB /* Info.plist */,
			);
			name = "Supporting Files";
			sourceTree = "<group>";
		};
		F6FA183B1B14D9F4003B0CDB /* PostcardTests */ = {
			isa = PBXGroup;
			children = (
				F6FA183E1B14D9F4003B0CDB /* PostcardTests.swift */,
				F6FA183C1B14D9F4003B0CDB /* Supporting Files */,
			);
			path = PostcardTests;
			sourceTree = "<group>";
		};
		F6FA183C1B14D9F4003B0CDB /* Supporting Files */ = {
			isa = PBXGroup;
			children = (
				F6FA183D1B14D9F4003B0CDB /* Info.plist */,
			);
			name = "Supporting Files";
			sourceTree = "<group>";
		};
/* End PBXGroup section */

/* Begin PBXNativeTarget section */
		F6FA18221B14D9F4003B0CDB /* Postcard */ = {
			isa = PBXNativeTarget;
			buildConfigurationList = F6FA18421B14D9F4003B0CDB /* Build configuration list for PBXNativeTarget "Postcard" */;
			buildPhases = (
				F6FA181F1B14D9F4003B0CDB /* Sources */,
				F6FA18201B14D9F4003B0CDB /* Frameworks */,
				F6FA18211B14D9F4003B0CDB /* Resources */,
			);
			buildRules = (
			);
			dependencies = (
			);
			name = Postcard;
			productName = Postcard;
			productReference = F6FA18231B14D9F4003B0CDB /* Postcard.app */;
			productType = "com.apple.product-type.application";
		};
		F6FA18371B14D9F4003B0CDB /* PostcardTests */ = {
			isa = PBXNativeTarget;
			buildConfigurationList = F6FA18451B14D9F4003B0CDB /* Build configuration list for PBXNativeTarget "PostcardTests" */;
			buildPhases = (
				F6FA18341B14D9F4003B0CDB /* Sources */,
				F6FA18351B14D9F4003B0CDB /* Frameworks */,
				F6FA18361B14D9F4003B0CDB /* Resources */,
			);
			buildRules = (
			);
			dependencies = (
				F6FA183A1B14D9F4003B0CDB /* PBXTargetDependency */,
			);
			name = PostcardTests;
			productName = PostcardTests;
			productReference = F6FA18381B14D9F4003B0CDB /* PostcardTests.xctest */;
			productType = "com.apple.product-type.bundle.unit-test";
		};
/* End PBXNativeTarget section */

/* Begin PBXProject section */
		F6FA181B1B14D9F4003B0CDB /* Project object */ = {
			isa = PBXProject;
			attributes = {
				LastUpgradeCheck = 0630;
				ORGANIZATIONNAME = AppSplice;
				TargetAttributes = {
					F6FA18221B14D9F4003B0CDB = {
						CreatedOnToolsVersion = 6.3.2;
					};
					F6FA18371B14D9F4003B0CDB = {
						CreatedOnToolsVersion = 6.3.2;
						TestTargetID = F6FA18221B14D9F4003B0CDB;
					};
				};
			};
			buildConfigurationList = F6FA181E1B14D9F4003B0CDB /* Build configuration list for PBXProject "Postcard" */;
			compatibilityVersion = "Xcode 3.2";
			developmentRegion = English;
			hasScannedForEncodings = 0;
			knownRegions = (
				en,
				Base,
			);
			mainGroup = F6FA181A1B14D9F4003B0CDB;
			productRefGroup = F6FA18241B14D9F4003B0CDB /* Products */;
			projectDirPath = "";
			projectRoot = "";
			targets = (
				F6FA18221B14D9F4003B0CDB /* Postcard */,
				F6FA18371B14D9F4003B0CDB /* PostcardTests */,
			);
		};
/* End PBXProject section */

/* Begin PBXResourcesBuildPhase section */
		F6FA18211B14D9F4003B0CDB /* Resources */ = {
			isa = PBXResourcesBuildPhase;
			buildActionMask = 2147483647;
			files = (
				F6FA182E1B14D9F4003B0CDB /* Main.storyboard in Resources */,
				F6FA18491B14DC0B003B0CDB /* SagradaFamilia.jpeg in Resources */,
				F6FA184B1B14DF10003B0CDB /* AlbertEinsteinStamp.jpg in Resources */,
				F6FA18331B14D9F4003B0CDB /* LaunchScreen.xib in Resources */,
				F6FA18301B14D9F4003B0CDB /* Images.xcassets in Resources */,
			);
			runOnlyForDeploymentPostprocessing = 0;
		};
		F6FA18361B14D9F4003B0CDB /* Resources */ = {
			isa = PBXResourcesBuildPhase;
			buildActionMask = 2147483647;
			files = (
			);
			runOnlyForDeploymentPostprocessing = 0;
		};
/* End PBXResourcesBuildPhase section */

/* Begin PBXSourcesBuildPhase section */
		F6FA181F1B14D9F4003B0CDB /* Sources */ = {
			isa = PBXSourcesBuildPhase;
			buildActionMask = 2147483647;
			files = (
				F6FA182B1B14D9F4003B0CDB /* ViewController.swift in Sources */,
				F6FA18291B14D9F4003B0CDB /* AppDelegate.swift in Sources */,
			);
			runOnlyForDeploymentPostprocessing = 0;
		};
		F6FA18341B14D9F4003B0CDB /* Sources */ = {
			isa = PBXSourcesBuildPhase;
			buildActionMask = 2147483647;
			files = (
				F6FA183F1B14D9F4003B0CDB /* PostcardTests.swift in Sources */,
			);
			runOnlyForDeploymentPostprocessing = 0;
		};
/* End PBXSourcesBuildPhase section */

/* Begin PBXTargetDependency section */
		F6FA183A1B14D9F4003B0CDB /* PBXTargetDependency */ = {
			isa = PBXTargetDependency;
			target = F6FA18221B14D9F4003B0CDB /* Postcard */;
			targetProxy = F6FA18391B14D9F4003B0CDB /* PBXContainerItemProxy */;
		};
/* End PBXTargetDependency section */

/* Begin PBXVariantGroup section */
		F6FA182C1B14D9F4003B0CDB /* Main.storyboard */ = {
			isa = PBXVariantGroup;
			children = (
				F6FA182D1B14D9F4003B0CDB /* Base */,
			);
			name = Main.storyboard;
			sourceTree = "<group>";
		};
		F6FA18311B14D9F4003B0CDB /* LaunchScreen.xib */ = {
			isa = PBXVariantGroup;
			children = (
				F6FA18321B14D9F4003B0CDB /* Base */,
			);
			name = LaunchScreen.xib;
			sourceTree = "<group>";
		};
/* End PBXVariantGroup section */

/* Begin XCBuildConfiguration section */
		F6FA18401B14D9F4003B0CDB /* Debug */ = {
			isa = XCBuildConfiguration;
			buildSettings = {
				ALWAYS_SEARCH_USER_PATHS = NO;
				CLANG_CXX_LANGUAGE_STANDARD = "gnu++0x";
				CLANG_CXX_LIBRARY = "libc++";
				CLANG_ENABLE_MODULES = YES;
				CLANG_ENABLE_OBJC_ARC = YES;
				CLANG_WARN_BOOL_CONVERSION = YES;
				CLANG_WARN_CONSTANT_CONVERSION = YES;
				CLANG_WARN_DIRECT_OBJC_ISA_USAGE = YES_ERROR;
				CLANG_WARN_EMPTY_BODY = YES;
				CLANG_WARN_ENUM_CONVERSION = YES;
				CLANG_WARN_INT_CONVERSION = YES;
				CLANG_WARN_OBJC_ROOT_CLASS = YES_ERROR;
				CLANG_WARN_UNREACHABLE_CODE = YES;
				CLANG_WARN__DUPLICATE_METHOD_MATCH = YES;
				"CODE_SIGN_IDENTITY[sdk=iphoneos*]" = "iPhone Developer";
				COPY_PHASE_STRIP = NO;
				DEBUG_INFORMATION_FORMAT = "dwarf-with-dsym";
				ENABLE_STRICT_OBJC_MSGSEND = YES;
				GCC_C_LANGUAGE_STANDARD = gnu99;
				GCC_DYNAMIC_NO_PIC = NO;
				GCC_NO_COMMON_BLOCKS = YES;
				GCC_OPTIMIZATION_LEVEL = 0;
				GCC_PREPROCESSOR_DEFINITIONS = (
					"DEBUG=1",
					"$(inherited)",
				);
				GCC_SYMBOLS_PRIVATE_EXTERN = NO;
				GCC_WARN_64_TO_32_BIT_CONVERSION = YES;
				GCC_WARN_ABOUT_RETURN_TYPE = YES_ERROR;
				GCC_WARN_UNDECLARED_SELECTOR = YES;
				GCC_WARN_UNINITIALIZED_AUTOS = YES_AGGRESSIVE;
				GCC_WARN_UNUSED_FUNCTION = YES;
				GCC_WARN_UNUSED_VARIABLE = YES;
				IPHONEOS_DEPLOYMENT_TARGET = 8.3;
				MTL_ENABLE_DEBUG_INFO = YES;
				ONLY_ACTIVE_ARCH = YES;
				SDKROOT = iphoneos;
				SWIFT_OPTIMIZATION_LEVEL = "-Onone";
				TARGETED_DEVICE_FAMILY = "1,2";
			};
			name = Debug;
		};
		F6FA18411B14D9F4003B0CDB /* Release */ = {
			isa = XCBuildConfiguration;
			buildSettings = {
				ALWAYS_SEARCH_USER_PATHS = NO;
				CLANG_CXX_LANGUAGE_STANDARD = "gnu++0x";
				CLANG_CXX_LIBRARY = "libc++";
				CLANG_ENABLE_MODULES = YES;
				CLANG_ENABLE_OBJC_ARC = YES;
				CLANG_WARN_BOOL_CONVERSION = YES;
				CLANG_WARN_CONSTANT_CONVERSION = YES;
				CLANG_WARN_DIRECT_OBJC_ISA_USAGE = YES_ERROR;
				CLANG_WARN_EMPTY_BODY = YES;
				CLANG_WARN_ENUM_CONVERSION = YES;
				CLANG_WARN_INT_CONVERSION = YES;
				CLANG_WARN_OBJC_ROOT_CLASS = YES_ERROR;
				CLANG_WARN_UNREACHABLE_CODE = YES;
				CLANG_WARN__DUPLICATE_METHOD_MATCH = YES;
				"CODE_SIGN_IDENTITY[sdk=iphoneos*]" = "iPhone Developer";
				COPY_PHASE_STRIP = NO;
				DEBUG_INFORMATION_FORMAT = "dwarf-with-dsym";
				ENABLE_NS_ASSERTIONS = NO;
				ENABLE_STRICT_OBJC_MSGSEND = YES;
				GCC_C_LANGUAGE_STANDARD = gnu99;
				GCC_NO_COMMON_BLOCKS = YES;
				GCC_WARN_64_TO_32_BIT_CONVERSION = YES;
				GCC_WARN_ABOUT_RETURN_TYPE = YES_ERROR;
				GCC_WARN_UNDECLARED_SELECTOR = YES;
				GCC_WARN_UNINITIALIZED_AUTOS = YES_AGGRESSIVE;
				GCC_WARN_UNUSED_FUNCTION = YES;
				GCC_WARN_UNUSED_VARIABLE = YES;
				IPHONEOS_DEPLOYMENT_TARGET = 8.3;
				MTL_ENABLE_DEBUG_INFO = NO;
				SDKROOT = iphoneos;
				TARGETED_DEVICE_FAMILY = "1,2";
				VALIDATE_PRODUCT = YES;
			};
			name = Release;
		};
		F6FA18431B14D9F4003B0CDB /* Debug */ = {
			isa = XCBuildConfiguration;
			buildSettings = {
				ASSETCATALOG_COMPILER_APPICON_NAME = AppIcon;
				INFOPLIST_FILE = Postcard/Info.plist;
				LD_RUNPATH_SEARCH_PATHS = "$(inherited) @executable_path/Frameworks";
				PRODUCT_NAME = "$(TARGET_NAME)";
			};
			name = Debug;
		};
		F6FA18441B14D9F4003B0CDB /* Release */ = {
			isa = XCBuildConfiguration;
			buildSettings = {
				ASSETCATALOG_COMPILER_APPICON_NAME = AppIcon;
				INFOPLIST_FILE = Postcard/Info.plist;
				LD_RUNPATH_SEARCH_PATHS = "$(inherited) @executable_path/Frameworks";
				PRODUCT_NAME = "$(TARGET_NAME)";
			};
			name = Release;
		};
		F6FA18461B14D9F4003B0CDB /* Debug */ = {
			isa = XCBuildConfiguration;
			buildSettings = {
				BUNDLE_LOADER = "$(TEST_HOST)";
				FRAMEWORK_SEARCH_PATHS = (
					"$(SDKROOT)/Developer/Library/Frameworks",
					"$(inherited)",
				);
				GCC_PREPROCESSOR_DEFINITIONS = (
					"DEBUG=1",
					"$(inherited)",
				);
				INFOPLIST_FILE = PostcardTests/Info.plist;
				LD_RUNPATH_SEARCH_PATHS = "$(inherited) @executable_path/Frameworks @loader_path/Frameworks";
				PRODUCT_NAME = "$(TARGET_NAME)";
				TEST_HOST = "$(BUILT_PRODUCTS_DIR)/Postcard.app/Postcard";
			};
			name = Debug;
		};
		F6FA18471B14D9F4003B0CDB /* Release */ = {
			isa = XCBuildConfiguration;
			buildSettings = {
				BUNDLE_LOADER = "$(TEST_HOST)";
				FRAMEWORK_SEARCH_PATHS = (
					"$(SDKROOT)/Developer/Library/Frameworks",
					"$(inherited)",
				);
				INFOPLIST_FILE = PostcardTests/Info.plist;
				LD_RUNPATH_SEARCH_PATHS = "$(inherited) @executable_path/Frameworks @loader_path/Frameworks";
				PRODUCT_NAME = "$(TARGET_NAME)";
				TEST_HOST = "$(BUILT_PRODUCTS_DIR)/Postcard.app/Postcard";
			};
			name = Release;
		};
/* End XCBuildConfiguration section */

/* Begin XCConfigurationList section */
		F6FA181E1B14D9F4003B0CDB /* Build configuration list for PBXProject "Postcard" */ = {
			isa = XCConfigurationList;
			buildConfigurations = (
				F6FA18401B14D9F4003B0CDB /* Debug */,
				F6FA18411B14D9F4003B0CDB /* Release */,
			);
			defaultConfigurationIsVisible = 0;
			defaultConfigurationName = Release;
		};
		F6FA18421B14D9F4003B0CDB /* Build configuration list for PBXNativeTarget "Postcard" */ = {
			isa = XCConfigurationList;
			buildConfigurations = (
				F6FA18431B14D9F4003B0CDB /* Debug */,
				F6FA18441B14D9F4003B0CDB /* Release */,
			);
			defaultConfigurationIsVisible = 0;
		};
		F6FA18451B14D9F4003B0CDB /* Build configuration list for PBXNativeTarget "PostcardTests" */ = {
			isa = XCConfigurationList;
			buildConfigurations = (
				F6FA18461B14D9F4003B0CDB /* Debug */,
				F6FA18471B14D9F4003B0CDB /* Release */,
			);
			defaultConfigurationIsVisible = 0;
		};
/* End XCConfigurationList section */
	};
	rootObject = F6FA181B1B14D9F4003B0CDB /* Project object */;
}
